
Microsoft Visual Studio Solution File, Format Version 12.00
# Visual Studio Version 17
VisualStudioVersion = 17.5.33414.496
MinimumVisualStudioVersion = 10.0.40219.1
Project("{FAE04EC0-301F-11D3-BF4B-00C04F79EFBC}") = "EFCoreEx1", "EFCoreEx1\EFCoreEx1.csproj", "{EE9F608A-4D08-4A56-924C-5FA9A44AC3EC}"
EndProject
Global
	GlobalSection(SolutionConfigurationPlatforms) = preSolution
		Debug|Any CPU = Debug|Any CPU
		Release|Any CPU = Release|Any CPU
	EndGlobalSection
	GlobalSection(ProjectConfigurationPlatforms) = postSolution
		{EE9F608A-4D08-4A56-924C-5FA9A44AC3EC}.Debug|Any CPU.ActiveCfg = Debug|Any CPU
		{EE9F608A-4D08-4A56-924C-5FA9A44AC3EC}.Debug|Any CPU.Build.0 = Debug|Any CPU
		{EE9F608A-4D08-4A56-924C-5FA9A44AC3EC}.Release|Any CPU.ActiveCfg = Release|Any CPU
		{EE9F608A-4D08-4A56-924C-5FA9A44AC3EC}.Release|Any CPU.Build.0 = Release|Any CPU
	EndGlobalSection
	GlobalSection(SolutionProperties) = preSolution
		HideSolutionNode = FALSE
	EndGlobalSection
	GlobalSection(ExtensibilityGlobals) = postSolution
		SolutionGuid = {12700E57-B16C-4A81-9355-5B755CE51818}
	EndGlobalSection
EndGlobal
